
Microsoft Visual Studio Solution File, Format Version 12.00
# Visual Studio Version 17
VisualStudioVersion = 17.3.32811.315
MinimumVisualStudioVersion = 10.0.40219.1
Project("{2150E333-8FDC-42A3-9474-1A3956D46DE8}") = "Services", "Services", "{77D7EC7B-9663-4033-A792-4DE036785038}"
EndProject
Project("{2150E333-8FDC-42A3-9474-1A3956D46DE8}") = "Catalog", "Catalog", "{4014D64A-D297-40CF-9125-99963D0BE25D}"
EndProject
Project("{9A19103F-16F7-4668-BE54-9A1E7A4F7556}") = "Catalog.API", "Services\Catalog\Catalog.API\Catalog.API.csproj", "{E2EBEC6A-90D5-4589-9F8E-51E42215AFF2}"
EndProject
Project("{E53339B2-1760-4266-BCC7-CA923CBCF16C}") = "docker-compose", "docker-compose.dcproj", "{700996B0-DC5D-48D2-85C5-C0E136F482F5}"
EndProject
Project("{2150E333-8FDC-42A3-9474-1A3956D46DE8}") = "Basket", "Basket", "{348AF85E-5588-40BF-817B-36F064AB4BDC}"
EndProject
Project("{9A19103F-16F7-4668-BE54-9A1E7A4F7556}") = "Basket.API", "Services\Basket\Basket.API\Basket.API.csproj", "{AD0906F5-DC28-4378-8FD3-C5E173BE47E3}"
EndProject
Project("{2150E333-8FDC-42A3-9474-1A3956D46DE8}") = "Discount", "Discount", "{AD2B8CBC-1E21-43C7-AEDE-8F8EF8AF209C}"
EndProject
Project("{FAE04EC0-301F-11D3-BF4B-00C04F79EFBC}") = "Discount.API", "Services\Discount\Discount.API\Discount.API.csproj", "{0F84F23D-4366-460D-9C32-68F00A947468}"
EndProject
Project("{FAE04EC0-301F-11D3-BF4B-00C04F79EFBC}") = "Discount.Grpc", "Services\Discount\Discount.Grpc\Discount.Grpc.csproj", "{C0E114B8-5742-4EE9-ACE9-90B39CEAE3B0}"
EndProject
Global
	GlobalSection(SolutionConfigurationPlatforms) = preSolution
		Debug|Any CPU = Debug|Any CPU
		Release|Any CPU = Release|Any CPU
	EndGlobalSection
	GlobalSection(ProjectConfigurationPlatforms) = postSolution
		{E2EBEC6A-90D5-4589-9F8E-51E42215AFF2}.Debug|Any CPU.ActiveCfg = Debug|Any CPU
		{E2EBEC6A-90D5-4589-9F8E-51E42215AFF2}.Debug|Any CPU.Build.0 = Debug|Any CPU
		{E2EBEC6A-90D5-4589-9F8E-51E42215AFF2}.Release|Any CPU.ActiveCfg = Release|Any CPU
		{E2EBEC6A-90D5-4589-9F8E-51E42215AFF2}.Release|Any CPU.Build.0 = Release|Any CPU
		{700996B0-DC5D-48D2-85C5-C0E136F482F5}.Debug|Any CPU.ActiveCfg = Debug|Any CPU
		{700996B0-DC5D-48D2-85C5-C0E136F482F5}.Debug|Any CPU.Build.0 = Debug|Any CPU
		{700996B0-DC5D-48D2-85C5-C0E136F482F5}.Release|Any CPU.ActiveCfg = Release|Any CPU
		{700996B0-DC5D-48D2-85C5-C0E136F482F5}.Release|Any CPU.Build.0 = Release|Any CPU
		{AD0906F5-DC28-4378-8FD3-C5E173BE47E3}.Debug|Any CPU.ActiveCfg = Debug|Any CPU
		{AD0906F5-DC28-4378-8FD3-C5E173BE47E3}.Debug|Any CPU.Build.0 = Debug|Any CPU
		{AD0906F5-DC28-4378-8FD3-C5E173BE47E3}.Release|Any CPU.ActiveCfg = Release|Any CPU
		{AD0906F5-DC28-4378-8FD3-C5E173BE47E3}.Release|Any CPU.Build.0 = Release|Any CPU
		{0F84F23D-4366-460D-9C32-68F00A947468}.Debug|Any CPU.ActiveCfg = Debug|Any CPU
		{0F84F23D-4366-460D-9C32-68F00A947468}.Debug|Any CPU.Build.0 = Debug|Any CPU
		{0F84F23D-4366-460D-9C32-68F00A947468}.Release|Any CPU.ActiveCfg = Release|Any CPU
		{0F84F23D-4366-460D-9C32-68F00A947468}.Release|Any CPU.Build.0 = Release|Any CPU
		{C0E114B8-5742-4EE9-ACE9-90B39CEAE3B0}.Debug|Any CPU.ActiveCfg = Debug|Any CPU
		{C0E114B8-5742-4EE9-ACE9-90B39CEAE3B0}.Debug|Any CPU.Build.0 = Debug|Any CPU
		{C0E114B8-5742-4EE9-ACE9-90B39CEAE3B0}.Release|Any CPU.ActiveCfg = Release|Any CPU
		{C0E114B8-5742-4EE9-ACE9-90B39CEAE3B0}.Release|Any CPU.Build.0 = Release|Any CPU
	EndGlobalSection
	GlobalSection(SolutionProperties) = preSolution
		HideSolutionNode = FALSE
	EndGlobalSection
	GlobalSection(NestedProjects) = preSolution
		{4014D64A-D297-40CF-9125-99963D0BE25D} = {77D7EC7B-9663-4033-A792-4DE036785038}
		{E2EBEC6A-90D5-4589-9F8E-51E42215AFF2} = {4014D64A-D297-40CF-9125-99963D0BE25D}
		{348AF85E-5588-40BF-817B-36F064AB4BDC} = {77D7EC7B-9663-4033-A792-4DE036785038}
		{AD0906F5-DC28-4378-8FD3-C5E173BE47E3} = {348AF85E-5588-40BF-817B-36F064AB4BDC}
		{AD2B8CBC-1E21-43C7-AEDE-8F8EF8AF209C} = {77D7EC7B-9663-4033-A792-4DE036785038}
		{0F84F23D-4366-460D-9C32-68F00A947468} = {AD2B8CBC-1E21-43C7-AEDE-8F8EF8AF209C}
		{C0E114B8-5742-4EE9-ACE9-90B39CEAE3B0} = {AD2B8CBC-1E21-43C7-AEDE-8F8EF8AF209C}
	EndGlobalSection
	GlobalSection(ExtensibilityGlobals) = postSolution
		SolutionGuid = {921B70A4-809E-4C33-9A9D-9833A50F1DC4}
	EndGlobalSection
EndGlobal
